Microsoft Visual Studio Solution File, Format Version 8.00
Project("{8BC9CEB8-8B4A-11D0-8D11-00A0C91BC942}") = "nullgzip", "win32\nullgzip.vcproj", "{02A300D4-F2DA-46AD-9880-C99C50FFC4FA}"
	ProjectSection(ProjectDependencies) = postProject
		{01D4A527-E182-4923-8016-A73959B05798} = {01D4A527-E182-4923-8016-A73959B05798}
	EndProjectSection
EndProject
Project("{8BC9CEB8-8B4A-11D0-8D11-00A0C91BC942}") = "rsyncrypto", "rsyncrypto.vcproj", "{01D4A527-E182-4923-8016-A73959B05798}"
	ProjectSection(ProjectDependencies) = postProject
	EndProjectSection
EndProject
Global
	GlobalSection(SolutionConfiguration) = preSolution
		Debug = Debug
		Release = Release
	EndGlobalSection
	GlobalSection(ProjectConfiguration) = postSolution
		{02A300D4-F2DA-46AD-9880-C99C50FFC4FA}.Debug.ActiveCfg = Debug|Win32
		{02A300D4-F2DA-46AD-9880-C99C50FFC4FA}.Debug.Build.0 = Debug|Win32
		{02A300D4-F2DA-46AD-9880-C99C50FFC4FA}.Release.ActiveCfg = Release|Win32
		{02A300D4-F2DA-46AD-9880-C99C50FFC4FA}.Release.Build.0 = Release|Win32
		{01D4A527-E182-4923-8016-A73959B05798}.Debug.ActiveCfg = Debug|Win32
		{01D4A527-E182-4923-8016-A73959B05798}.Debug.Build.0 = Debug|Win32
		{01D4A527-E182-4923-8016-A73959B05798}.Release.ActiveCfg = Release|Win32
		{01D4A527-E182-4923-8016-A73959B05798}.Release.Build.0 = Release|Win32
	EndGlobalSection
	GlobalSection(ExtensibilityGlobals) = postSolution
	EndGlobalSection
	GlobalSection(ExtensibilityAddIns) = postSolution
	EndGlobalSection
EndGlobal
